
Microsoft Visual Studio Solution File, Format Version 12.00
# Visual Studio Version 17
VisualStudioVersion = 17.10.35013.160
MinimumVisualStudioVersion = 10.0.40219.1
Project("{FAE04EC0-301F-11D3-BF4B-00C04F79EFBC}") = "ManyBuzzwords", "ManyBuzzwords\ManyBuzzwords.csproj", "{4C2123D7-6A11-4E42-A0A6-98C40A18A2BC}"
EndProject
Project("{FAE04EC0-301F-11D3-BF4B-00C04F79EFBC}") = "ManyBuzzwords.Client", "ManyBuzzwords.Client\ManyBuzzwords.Client.csproj", "{49953BF1-65E1-4FF8-A968-94241867DF06}"
EndProject
Global
	GlobalSection(SolutionConfigurationPlatforms) = preSolution
		Debug|Any CPU = Debug|Any CPU
		Release|Any CPU = Release|Any CPU
	EndGlobalSection
	GlobalSection(ProjectConfigurationPlatforms) = postSolution
		{4C2123D7-6A11-4E42-A0A6-98C40A18A2BC}.Debug|Any CPU.ActiveCfg = Debug|Any CPU
		{4C2123D7-6A11-4E42-A0A6-98C40A18A2BC}.Debug|Any CPU.Build.0 = Debug|Any CPU
		{4C2123D7-6A11-4E42-A0A6-98C40A18A2BC}.Release|Any CPU.ActiveCfg = Release|Any CPU
		{4C2123D7-6A11-4E42-A0A6-98C40A18A2BC}.Release|Any CPU.Build.0 = Release|Any CPU
		{49953BF1-65E1-4FF8-A968-94241867DF06}.Debug|Any CPU.ActiveCfg = Debug|Any CPU
		{49953BF1-65E1-4FF8-A968-94241867DF06}.Debug|Any CPU.Build.0 = Debug|Any CPU
		{49953BF1-65E1-4FF8-A968-94241867DF06}.Release|Any CPU.ActiveCfg = Release|Any CPU
		{49953BF1-65E1-4FF8-A968-94241867DF06}.Release|Any CPU.Build.0 = Release|Any CPU
	EndGlobalSection
	GlobalSection(SolutionProperties) = preSolution
		HideSolutionNode = FALSE
	EndGlobalSection
	GlobalSection(ExtensibilityGlobals) = postSolution
		SolutionGuid = {0018E75C-EE21-4A4E-98B4-82F6DD4345EE}
	EndGlobalSection
EndGlobal
